
Microsoft Visual Studio Solution File, Format Version 12.00
# Visual Studio Version 16
VisualStudioVersion = 16.0.28803.202
MinimumVisualStudioVersion = 10.0.40219.1
Project("{FAE04EC0-301F-11D3-BF4B-00C04F79EFBC}") = "Kalkylator", "Kalkylator\Kalkylator.csproj", "{DF65D5FC-08E8-46AB-92D4-231ACD430CE0}"
EndProject
Global
	GlobalSection(SolutionConfigurationPlatforms) = preSolution
		Debug|Any CPU = Debug|Any CPU
		Release|Any CPU = Release|Any CPU
	EndGlobalSection
	GlobalSection(ProjectConfigurationPlatforms) = postSolution
		{DF65D5FC-08E8-46AB-92D4-231ACD430CE0}.Debug|Any CPU.ActiveCfg = Debug|Any CPU
		{DF65D5FC-08E8-46AB-92D4-231ACD430CE0}.Debug|Any CPU.Build.0 = Debug|Any CPU
		{DF65D5FC-08E8-46AB-92D4-231ACD430CE0}.Release|Any CPU.ActiveCfg = Release|Any CPU
		{DF65D5FC-08E8-46AB-92D4-231ACD430CE0}.Release|Any CPU.Build.0 = Release|Any CPU
	EndGlobalSection
	GlobalSection(SolutionProperties) = preSolution
		HideSolutionNode = FALSE
	EndGlobalSection
	GlobalSection(ExtensibilityGlobals) = postSolution
		SolutionGuid = {3F4F0273-9228-488B-8B22-67AC3706766A}
	EndGlobalSection
EndGlobal
